// !$*UTF8*$!
{
	archiveVersion = 1;
	classes = {
	};
	objectVersion = 56;
	objects = {

/* Begin PBXBuildFile section */
		CB8E17DF2982C1C60077199F /* AppDelegate.swift in Sources */ = {isa = PBXBuildFile; fileRef = CB8E17DE2982C1C60077199F /* AppDelegate.swift */; };
		CB8E17E12982C1C60077199F /* SceneDelegate.swift in Sources */ = {isa = PBXBuildFile; fileRef = CB8E17E02982C1C60077199F /* SceneDelegate.swift */; };
		CB8E17E32982C1C60077199F /* ViewController.swift in Sources */ = {isa = PBXBuildFile; fileRef = CB8E17E22982C1C60077199F /* ViewController.swift */; };
		CB8E17E62982C1C60077199F /* Main.storyboard in Resources */ = {isa = PBXBuildFile; fileRef = CB8E17E42982C1C60077199F /* Main.storyboard */; };
		CB8E17E92982C1C60077199F /* FinalMulmedLec.xcdatamodeld in Sources */ = {isa = PBXBuildFile; fileRef = CB8E17E72982C1C60077199F /* FinalMulmedLec.xcdatamodeld */; };
		CB8E17EB2982C1C70077199F /* Assets.xcassets in Resources */ = {isa = PBXBuildFile; fileRef = CB8E17EA2982C1C70077199F /* Assets.xcassets */; };
		CB8E17EE2982C1C70077199F /* LaunchScreen.storyboard in Resources */ = {isa = PBXBuildFile; fileRef = CB8E17EC2982C1C70077199F /* LaunchScreen.storyboard */; };
		CB8E17F72982C2690077199F /* QuestionModel.swift in Sources */ = {isa = PBXBuildFile; fileRef = CB8E17F62982C2690077199F /* QuestionModel.swift */; };
		CB8E17F92982C28C0077199F /* Allscore.swift in Sources */ = {isa = PBXBuildFile; fileRef = CB8E17F82982C28C0077199F /* Allscore.swift */; };
		CB8E17FC2982C2E10077199F /* QuestionViewModel.swift in Sources */ = {isa = PBXBuildFile; fileRef = CB8E17FB2982C2E10077199F /* QuestionViewModel.swift */; };
		CB8E17FE2982C2EA0077199F /* AllScoreViewModel.swift in Sources */ = {isa = PBXBuildFile; fileRef = CB8E17FD2982C2EA0077199F /* AllScoreViewModel.swift */; };
		CB8E18012982C3340077199F /* BeforePlayViewController.swift in Sources */ = {isa = PBXBuildFile; fileRef = CB8E18002982C3340077199F /* BeforePlayViewController.swift */; };
		CB8E18032982C3720077199F /* FirstPlayViewController.swift in Sources */ = {isa = PBXBuildFile; fileRef = CB8E18022982C3720077199F /* FirstPlayViewController.swift */; };
		CB8E18052982C3970077199F /* PreparingViewController.swift in Sources */ = {isa = PBXBuildFile; fileRef = CB8E18042982C3970077199F /* PreparingViewController.swift */; };
		CB8E18072982C3B30077199F /* GameOverViewController.swift in Sources */ = {isa = PBXBuildFile; fileRef = CB8E18062982C3B30077199F /* GameOverViewController.swift */; };
		CB8E18092982C3C90077199F /* ScoreCell.swift in Sources */ = {isa = PBXBuildFile; fileRef = CB8E18082982C3C90077199F /* ScoreCell.swift */; };
		CB8E180B2982C3DC0077199F /* HighScoreViewController.swift in Sources */ = {isa = PBXBuildFile; fileRef = CB8E180A2982C3DC0077199F /* HighScoreViewController.swift */; };
/* End PBXBuildFile section */

/* Begin PBXFileReference section */
		CB8E17DB2982C1C60077199F /* FinalMulmedLec.app */ = {isa = PBXFileReference; explicitFileType = wrapper.application; includeInIndex = 0; path = FinalMulmedLec.app; sourceTree = BUILT_PRODUCTS_DIR; };
		CB8E17DE2982C1C60077199F /* AppDelegate.swift */ = {isa = PBXFileReference; lastKnownFileType = sourcecode.swift; path = AppDelegate.swift; sourceTree = "<group>"; };
		CB8E17E02982C1C60077199F /* SceneDelegate.swift */ = {isa = PBXFileReference; lastKnownFileType = sourcecode.swift; path = SceneDelegate.swift; sourceTree = "<group>"; };
		CB8E17E22982C1C60077199F /* ViewController.swift */ = {isa = PBXFileReference; lastKnownFileType = sourcecode.swift; path = ViewController.swift; sourceTree = "<group>"; };
		CB8E17E52982C1C60077199F /* Base */ = {isa = PBXFileReference; lastKnownFileType = file.storyboard; name = Base; path = Base.lproj/Main.storyboard; sourceTree = "<group>"; };
		CB8E17E82982C1C60077199F /* FinalMulmedLec.xcdatamodel */ = {isa = PBXFileReference; lastKnownFileType = wrapper.xcdatamodel; path = FinalMulmedLec.xcdatamodel; sourceTree = "<group>"; };
		CB8E17EA2982C1C70077199F /* Assets.xcassets */ = {isa = PBXFileReference; lastKnownFileType = folder.assetcatalog; path = Assets.xcassets; sourceTree = "<group>"; };
		CB8E17ED2982C1C70077199F /* Base */ = {isa = PBXFileReference; lastKnownFileType = file.storyboard; name = Base; path = Base.lproj/LaunchScreen.storyboard; sourceTree = "<group>"; };
		CB8E17EF2982C1C70077199F /* Info.plist */ = {isa = PBXFileReference; lastKnownFileType = text.plist.xml; path = Info.plist; sourceTree = "<group>"; };
		CB8E17F62982C2690077199F /* QuestionModel.swift */ = {isa = PBXFileReference; lastKnownFileType = sourcecode.swift; path = QuestionModel.swift; sourceTree = "<group>"; };
		CB8E17F82982C28C0077199F /* Allscore.swift */ = {isa = PBXFileReference; lastKnownFileType = sourcecode.swift; path = Allscore.swift; sourceTree = "<group>"; };
		CB8E17FB2982C2E10077199F /* QuestionViewModel.swift */ = {isa = PBXFileReference; lastKnownFileType = sourcecode.swift; path = QuestionViewModel.swift; sourceTree = "<group>"; };
		CB8E17FD2982C2EA0077199F /* AllScoreViewModel.swift */ = {isa = PBXFileReference; lastKnownFileType = sourcecode.swift; path = AllScoreViewModel.swift; sourceTree = "<group>"; };
		CB8E18002982C3340077199F /* BeforePlayViewController.swift */ = {isa = PBXFileReference; lastKnownFileType = sourcecode.swift; path = BeforePlayViewController.swift; sourceTree = "<group>"; };
		CB8E18022982C3720077199F /* FirstPlayViewController.swift */ = {isa = PBXFileReference; lastKnownFileType = sourcecode.swift; path = FirstPlayViewController.swift; sourceTree = "<group>"; };
		CB8E18042982C3970077199F /* PreparingViewController.swift */ = {isa = PBXFileReference; lastKnownFileType = sourcecode.swift; path = PreparingViewController.swift; sourceTree = "<group>"; };
		CB8E18062982C3B30077199F /* GameOverViewController.swift */ = {isa = PBXFileReference; lastKnownFileType = sourcecode.swift; path = GameOverViewController.swift; sourceTree = "<group>"; };
		CB8E18082982C3C90077199F /* ScoreCell.swift */ = {isa = PBXFileReference; lastKnownFileType = sourcecode.swift; path = ScoreCell.swift; sourceTree = "<group>"; };
		CB8E180A2982C3DC0077199F /* HighScoreViewController.swift */ = {isa = PBXFileReference; lastKnownFileType = sourcecode.swift; path = HighScoreViewController.swift; sourceTree = "<group>"; };
/* End PBXFileReference section */

/* Begin PBXFrameworksBuildPhase section */
		CB8E17D82982C1C60077199F /* Frameworks */ = {
			isa = PBXFrameworksBuildPhase;
			buildActionMask = 2147483647;
			files = (
			);
			runOnlyForDeploymentPostprocessing = 0;
		};
/* End PBXFrameworksBuildPhase section */

/* Begin PBXGroup section */
		CB8E17D22982C1C60077199F = {
			isa = PBXGroup;
			children = (
				CB8E17DD2982C1C60077199F /* FinalMulmedLec */,
				CB8E17DC2982C1C60077199F /* Products */,
			);
			sourceTree = "<group>";
		};
		CB8E17DC2982C1C60077199F /* Products */ = {
			isa = PBXGroup;
			children = (
				CB8E17DB2982C1C60077199F /* FinalMulmedLec.app */,
			);
			name = Products;
			sourceTree = "<group>";
		};
		CB8E17DD2982C1C60077199F /* FinalMulmedLec */ = {
			isa = PBXGroup;
			children = (
				CB8E17FF2982C31C0077199F /* ViewController */,
				CB8E17FA2982C2A40077199F /* ViewModel */,
				CB8E17F52982C2510077199F /* Model */,
				CB8E17DE2982C1C60077199F /* AppDelegate.swift */,
				CB8E17E02982C1C60077199F /* SceneDelegate.swift */,
				CB8E17E42982C1C60077199F /* Main.storyboard */,
				CB8E17EA2982C1C70077199F /* Assets.xcassets */,
				CB8E17EC2982C1C70077199F /* LaunchScreen.storyboard */,
				CB8E17EF2982C1C70077199F /* Info.plist */,
				CB8E17E72982C1C60077199F /* FinalMulmedLec.xcdatamodeld */,
			);
			path = FinalMulmedLec;
			sourceTree = "<group>";
		};
		CB8E17F52982C2510077199F /* Model */ = {
			isa = PBXGroup;
			children = (
				CB8E17F62982C2690077199F /* QuestionModel.swift */,
				CB8E17F82982C28C0077199F /* Allscore.swift */,
			);
			path = Model;
			sourceTree = "<group>";
		};
		CB8E17FA2982C2A40077199F /* ViewModel */ = {
			isa = PBXGroup;
			children = (
				CB8E17FB2982C2E10077199F /* QuestionViewModel.swift */,
				CB8E17FD2982C2EA0077199F /* AllScoreViewModel.swift */,
			);
			path = ViewModel;
			sourceTree = "<group>";
		};
		CB8E17FF2982C31C0077199F /* ViewController */ = {
			isa = PBXGroup;
			children = (
				CB8E17E22982C1C60077199F /* ViewController.swift */,
				CB8E18002982C3340077199F /* BeforePlayViewController.swift */,
				CB8E18022982C3720077199F /* FirstPlayViewController.swift */,
				CB8E18042982C3970077199F /* PreparingViewController.swift */,
				CB8E18062982C3B30077199F /* GameOverViewController.swift */,
				CB8E18082982C3C90077199F /* ScoreCell.swift */,
				CB8E180A2982C3DC0077199F /* HighScoreViewController.swift */,
			);
			path = ViewController;
			sourceTree = "<group>";
		};
/* End PBXGroup section */

/* Begin PBXNativeTarget section */
		CB8E17DA2982C1C60077199F /* FinalMulmedLec */ = {
			isa = PBXNativeTarget;
			buildConfigurationList = CB8E17F22982C1C70077199F /* Build configuration list for PBXNativeTarget "FinalMulmedLec" */;
			buildPhases = (
				CB8E17D72982C1C60077199F /* Sources */,
				CB8E17D82982C1C60077199F /* Frameworks */,
				CB8E17D92982C1C60077199F /* Resources */,
			);
			buildRules = (
			);
			dependencies = (
			);
			name = FinalMulmedLec;
			productName = FinalMulmedLec;
			productReference = CB8E17DB2982C1C60077199F /* FinalMulmedLec.app */;
			productType = "com.apple.product-type.application";
		};
/* End PBXNativeTarget section */

/* Begin PBXProject section */
		CB8E17D32982C1C60077199F /* Project object */ = {
			isa = PBXProject;
			attributes = {
				BuildIndependentTargetsInParallel = 1;
				LastSwiftUpdateCheck = 1410;
				LastUpgradeCheck = 1410;
				TargetAttributes = {
					CB8E17DA2982C1C60077199F = {
						CreatedOnToolsVersion = 14.1;
					};
				};
			};
			buildConfigurationList = CB8E17D62982C1C60077199F /* Build configuration list for PBXProject "FinalMulmedLec" */;
			compatibilityVersion = "Xcode 14.0";
			developmentRegion = en;
			hasScannedForEncodings = 0;
			knownRegions = (
				en,
				Base,
			);
			mainGroup = CB8E17D22982C1C60077199F;
			productRefGroup = CB8E17DC2982C1C60077199F /* Products */;
			projectDirPath = "";
			projectRoot = "";
			targets = (
				CB8E17DA2982C1C60077199F /* FinalMulmedLec */,
			);
		};
/* End PBXProject section */

/* Begin PBXResourcesBuildPhase section */
		CB8E17D92982C1C60077199F /* Resources */ = {
			isa = PBXResourcesBuildPhase;
			buildActionMask = 2147483647;
			files = (
				CB8E17EE2982C1C70077199F /* LaunchScreen.storyboard in Resources */,
				CB8E17EB2982C1C70077199F /* Assets.xcassets in Resources */,
				CB8E17E62982C1C60077199F /* Main.storyboard in Resources */,
			);
			runOnlyForDeploymentPostprocessing = 0;
		};
/* End PBXResourcesBuildPhase section */

/* Begin PBXSourcesBuildPhase section */
		CB8E17D72982C1C60077199F /* Sources */ = {
			isa = PBXSourcesBuildPhase;
			buildActionMask = 2147483647;
			files = (
				CB8E17E32982C1C60077199F /* ViewController.swift in Sources */,
				CB8E180B2982C3DC0077199F /* HighScoreViewController.swift in Sources */,
				CB8E17FC2982C2E10077199F /* QuestionViewModel.swift in Sources */,
				CB8E17E92982C1C60077199F /* FinalMulmedLec.xcdatamodeld in Sources */,
				CB8E18012982C3340077199F /* BeforePlayViewController.swift in Sources */,
				CB8E17FE2982C2EA0077199F /* AllScoreViewModel.swift in Sources */,
				CB8E17F92982C28C0077199F /* Allscore.swift in Sources */,
				CB8E18092982C3C90077199F /* ScoreCell.swift in Sources */,
				CB8E17DF2982C1C60077199F /* AppDelegate.swift in Sources */,
				CB8E17E12982C1C60077199F /* SceneDelegate.swift in Sources */,
				CB8E18072982C3B30077199F /* GameOverViewController.swift in Sources */,
				CB8E18052982C3970077199F /* PreparingViewController.swift in Sources */,
				CB8E17F72982C2690077199F /* QuestionModel.swift in Sources */,
				CB8E18032982C3720077199F /* FirstPlayViewController.swift in Sources */,
			);
			runOnlyForDeploymentPostprocessing = 0;
		};
/* End PBXSourcesBuildPhase section */

/* Begin PBXVariantGroup section */
		CB8E17E42982C1C60077199F /* Main.storyboard */ = {
			isa = PBXVariantGroup;
			children = (
				CB8E17E52982C1C60077199F /* Base */,
			);
			name = Main.storyboard;
			sourceTree = "<group>";
		};
		CB8E17EC2982C1C70077199F /* LaunchScreen.storyboard */ = {
			isa = PBXVariantGroup;
			children = (
				CB8E17ED2982C1C70077199F /* Base */,
			);
			name = LaunchScreen.storyboard;
			sourceTree = "<group>";
		};
/* End PBXVariantGroup section */

/* Begin XCBuildConfiguration section */
		CB8E17F02982C1C70077199F /* Debug */ = {
			isa = XCBuildConfiguration;
			buildSettings = {
				ALWAYS_SEARCH_USER_PATHS = NO;
				CLANG_ANALYZER_NONNULL = YES;
				CLANG_ANALYZER_NUMBER_OBJECT_CONVERSION = YES_AGGRESSIVE;
				CLANG_CXX_LANGUAGE_STANDARD = "gnu++20";
				CLANG_ENABLE_MODULES = YES;
				CLANG_ENABLE_OBJC_ARC = YES;
				CLANG_ENABLE_OBJC_WEAK = YES;
				CLANG_WARN_BLOCK_CAPTURE_AUTORELEASING = YES;
				CLANG_WARN_BOOL_CONVERSION = YES;
				CLANG_WARN_COMMA = YES;
				CLANG_WARN_CONSTANT_CONVERSION = YES;
				CLANG_WARN_DEPRECATED_OBJC_IMPLEMENTATIONS = YES;
				CLANG_WARN_DIRECT_OBJC_ISA_USAGE = YES_ERROR;
				CLANG_WARN_DOCUMENTATION_COMMENTS = YES;
				CLANG_WARN_EMPTY_BODY = YES;
				CLANG_WARN_ENUM_CONVERSION = YES;
				CLANG_WARN_INFINITE_RECURSION = YES;
				CLANG_WARN_INT_CONVERSION = YES;
				CLANG_WARN_NON_LITERAL_NULL_CONVERSION = YES;
				CLANG_WARN_OBJC_IMPLICIT_RETAIN_SELF = YES;
				CLANG_WARN_OBJC_LITERAL_CONVERSION = YES;
				CLANG_WARN_OBJC_ROOT_CLASS = YES_ERROR;
				CLANG_WARN_QUOTED_INCLUDE_IN_FRAMEWORK_HEADER = YES;
				CLANG_WARN_RANGE_LOOP_ANALYSIS = YES;
				CLANG_WARN_STRICT_PROTOTYPES = YES;
				CLANG_WARN_SUSPICIOUS_MOVE = YES;
				CLANG_WARN_UNGUARDED_AVAILABILITY = YES_AGGRESSIVE;
				CLANG_WARN_UNREACHABLE_CODE = YES;
				CLANG_WARN__DUPLICATE_METHOD_MATCH = YES;
				COPY_PHASE_STRIP = NO;
				DEBUG_INFORMATION_FORMAT = dwarf;
				ENABLE_STRICT_OBJC_MSGSEND = YES;
				ENABLE_TESTABILITY = YES;
				GCC_C_LANGUAGE_STANDARD = gnu11;
				GCC_DYNAMIC_NO_PIC = NO;
				GCC_NO_COMMON_BLOCKS = YES;
				GCC_OPTIMIZATION_LEVEL = 0;
				GCC_PREPROCESSOR_DEFINITIONS = (
					"DEBUG=1",
					"$(inherited)",
				);
				GCC_WARN_64_TO_32_BIT_CONVERSION = YES;
				GCC_WARN_ABOUT_RETURN_TYPE = YES_ERROR;
				GCC_WARN_UNDECLARED_SELECTOR = YES;
				GCC_WARN_UNINITIALIZED_AUTOS = YES_AGGRESSIVE;
				GCC_WARN_UNUSED_FUNCTION = YES;
				GCC_WARN_UNUSED_VARIABLE = YES;
				IPHONEOS_DEPLOYMENT_TARGET = 16.1;
				MTL_ENABLE_DEBUG_INFO = INCLUDE_SOURCE;
				MTL_FAST_MATH = YES;
				ONLY_ACTIVE_ARCH = YES;
				SDKROOT = iphoneos;
				SWIFT_ACTIVE_COMPILATION_CONDITIONS = DEBUG;
				SWIFT_OPTIMIZATION_LEVEL = "-Onone";
			};
			name = Debug;
		};
		CB8E17F12982C1C70077199F /* Release */ = {
			isa = XCBuildConfiguration;
			buildSettings = {
				ALWAYS_SEARCH_USER_PATHS = NO;
				CLANG_ANALYZER_NONNULL = YES;
				CLANG_ANALYZER_NUMBER_OBJECT_CONVERSION = YES_AGGRESSIVE;
				CLANG_CXX_LANGUAGE_STANDARD = "gnu++20";
				CLANG_ENABLE_MODULES = YES;
				CLANG_ENABLE_OBJC_ARC = YES;
				CLANG_ENABLE_OBJC_WEAK = YES;
				CLANG_WARN_BLOCK_CAPTURE_AUTORELEASING = YES;
				CLANG_WARN_BOOL_CONVERSION = YES;
				CLANG_WARN_COMMA = YES;
				CLANG_WARN_CONSTANT_CONVERSION = YES;
				CLANG_WARN_DEPRECATED_OBJC_IMPLEMENTATIONS = YES;
				CLANG_WARN_DIRECT_OBJC_ISA_USAGE = YES_ERROR;
				CLANG_WARN_DOCUMENTATION_COMMENTS = YES;
				CLANG_WARN_EMPTY_BODY = YES;
				CLANG_WARN_ENUM_CONVERSION = YES;
				CLANG_WARN_INFINITE_RECURSION = YES;
				CLANG_WARN_INT_CONVERSION = YES;
				CLANG_WARN_NON_LITERAL_NULL_CONVERSION = YES;
				CLANG_WARN_OBJC_IMPLICIT_RETAIN_SELF = YES;
				CLANG_WARN_OBJC_LITERAL_CONVERSION = YES;
				CLANG_WARN_OBJC_ROOT_CLASS = YES_ERROR;
				CLANG_WARN_QUOTED_INCLUDE_IN_FRAMEWORK_HEADER = YES;
				CLANG_WARN_RANGE_LOOP_ANALYSIS = YES;
				CLANG_WARN_STRICT_PROTOTYPES = YES;
				CLANG_WARN_SUSPICIOUS_MOVE = YES;
				CLANG_WARN_UNGUARDED_AVAILABILITY = YES_AGGRESSIVE;
				CLANG_WARN_UNREACHABLE_CODE = YES;
				CLANG_WARN__DUPLICATE_METHOD_MATCH = YES;
				COPY_PHASE_STRIP = NO;
				DEBUG_INFORMATION_FORMAT = "dwarf-with-dsym";
				ENABLE_NS_ASSERTIONS = NO;
				ENABLE_STRICT_OBJC_MSGSEND = YES;
				GCC_C_LANGUAGE_STANDARD = gnu11;
				GCC_NO_COMMON_BLOCKS = YES;
				GCC_WARN_64_TO_32_BIT_CONVERSION = YES;
				GCC_WARN_ABOUT_RETURN_TYPE = YES_ERROR;
				GCC_WARN_UNDECLARED_SELECTOR = YES;
				GCC_WARN_UNINITIALIZED_AUTOS = YES_AGGRESSIVE;
				GCC_WARN_UNUSED_FUNCTION = YES;
				GCC_WARN_UNUSED_VARIABLE = YES;
				IPHONEOS_DEPLOYMENT_TARGET = 16.1;
				MTL_ENABLE_DEBUG_INFO = NO;
				MTL_FAST_MATH = YES;
				SDKROOT = iphoneos;
				SWIFT_COMPILATION_MODE = wholemodule;
				SWIFT_OPTIMIZATION_LEVEL = "-O";
				VALIDATE_PRODUCT = YES;
			};
			name = Release;
		};
		CB8E17F32982C1C70077199F /* Debug */ = {
			isa = XCBuildConfiguration;
			buildSettings = {
				ASSETCATALOG_COMPILER_APPICON_NAME = AppIcon;
				ASSETCATALOG_COMPILER_GLOBAL_ACCENT_COLOR_NAME = AccentColor;
				CODE_SIGN_STYLE = Automatic;
				CURRENT_PROJECT_VERSION = 1;
				GENERATE_INFOPLIST_FILE = YES;
				INFOPLIST_FILE = FinalMulmedLec/Info.plist;
				INFOPLIST_KEY_UIApplicationSupportsIndirectInputEvents = YES;
				INFOPLIST_KEY_UILaunchStoryboardName = LaunchScreen;
				INFOPLIST_KEY_UIMainStoryboardFile = Main;
				INFOPLIST_KEY_UISupportedInterfaceOrientations_iPad = "UIInterfaceOrientationPortrait UIInterfaceOrientationPortraitUpsideDown UIInterfaceOrientationLandscapeLeft UIInterfaceOrientationLandscapeRight";
				INFOPLIST_KEY_UISupportedInterfaceOrientations_iPhone = "UIInterfaceOrientationPortrait UIInterfaceOrientationLandscapeLeft UIInterfaceOrientationLandscapeRight";
				LD_RUNPATH_SEARCH_PATHS = (
					"$(inherited)",
					"@executable_path/Frameworks",
				);
				MARKETING_VERSION = 1.0;
				PRODUCT_BUNDLE_IDENTIFIER = Keken.FinalMulmedLec;
				PRODUCT_NAME = "$(TARGET_NAME)";
				SWIFT_EMIT_LOC_STRINGS = YES;
				SWIFT_VERSION = 5.0;
				TARGETED_DEVICE_FAMILY = "1,2";
			};
			name = Debug;
		};
		CB8E17F42982C1C70077199F /* Release */ = {
			isa = XCBuildConfiguration;
			buildSettings = {
				ASSETCATALOG_COMPILER_APPICON_NAME = AppIcon;
				ASSETCATALOG_COMPILER_GLOBAL_ACCENT_COLOR_NAME = AccentColor;
				CODE_SIGN_STYLE = Automatic;
				CURRENT_PROJECT_VERSION = 1;
				GENERATE_INFOPLIST_FILE = YES;
				INFOPLIST_FILE = FinalMulmedLec/Info.plist;
				INFOPLIST_KEY_UIApplicationSupportsIndirectInputEvents = YES;
				INFOPLIST_KEY_UILaunchStoryboardName = LaunchScreen;
				INFOPLIST_KEY_UIMainStoryboardFile = Main;
				INFOPLIST_KEY_UISupportedInterfaceOrientations_iPad = "UIInterfaceOrientationPortrait UIInterfaceOrientationPortraitUpsideDown UIInterfaceOrientationLandscapeLeft UIInterfaceOrientationLandscapeRight";
				INFOPLIST_KEY_UISupportedInterfaceOrientations_iPhone = "UIInterfaceOrientationPortrait UIInterfaceOrientationLandscapeLeft UIInterfaceOrientationLandscapeRight";
				LD_RUNPATH_SEARCH_PATHS = (
					"$(inherited)",
					"@executable_path/Frameworks",
				);
				MARKETING_VERSION = 1.0;
				PRODUCT_BUNDLE_IDENTIFIER = Keken.FinalMulmedLec;
				PRODUCT_NAME = "$(TARGET_NAME)";
				SWIFT_EMIT_LOC_STRINGS = YES;
				SWIFT_VERSION = 5.0;
				TARGETED_DEVICE_FAMILY = "1,2";
			};
			name = Release;
		};
/* End XCBuildConfiguration section */

/* Begin XCConfigurationList section */
		CB8E17D62982C1C60077199F /* Build configuration list for PBXProject "FinalMulmedLec" */ = {
			isa = XCConfigurationList;
			buildConfigurations = (
				CB8E17F02982C1C70077199F /* Debug */,
				CB8E17F12982C1C70077199F /* Release */,
			);
			defaultConfigurationIsVisible = 0;
			defaultConfigurationName = Release;
		};
		CB8E17F22982C1C70077199F /* Build configuration list for PBXNativeTarget "FinalMulmedLec" */ = {
			isa = XCConfigurationList;
			buildConfigurations = (
				CB8E17F32982C1C70077199F /* Debug */,
				CB8E17F42982C1C70077199F /* Release */,
			);
			defaultConfigurationIsVisible = 0;
			defaultConfigurationName = Release;
		};
/* End XCConfigurationList section */

/* Begin XCVersionGroup section */
		CB8E17E72982C1C60077199F /* FinalMulmedLec.xcdatamodeld */ = {
			isa = XCVersionGroup;
			children = (
				CB8E17E82982C1C60077199F /* FinalMulmedLec.xcdatamodel */,
			);
			currentVersion = CB8E17E82982C1C60077199F /* FinalMulmedLec.xcdatamodel */;
			path = FinalMulmedLec.xcdatamodeld;
			sourceTree = "<group>";
			versionGroupType = wrapper.xcdatamodel;
		};
/* End XCVersionGroup section */
	};
	rootObject = CB8E17D32982C1C60077199F /* Project object */;
}
